
Microsoft Visual Studio Solution File, Format Version 12.00
# Visual Studio Version 17
VisualStudioVersion = 17.12.35514.174
MinimumVisualStudioVersion = 10.0.40219.1
Project("{FAE04EC0-301F-11D3-BF4B-00C04F79EFBC}") = "AoC2024_01", "AoC2024_01\AoC2024_01.csproj", "{C075DECB-FA60-478F-BCAD-35A980189BF6}"
EndProject
Project("{2150E333-8FDC-42A3-9474-1A3956D46DE8}") = "Input", "Input", "{BE4F4C69-5A31-47F8-9F7C-63DE0E99DCD2}"
	ProjectSection(SolutionItems) = preProject
		Input\Day_01.txt = Input\Day_01.txt
		Input\Day_01_Test.txt = Input\Day_01_Test.txt
		Input\Day_02.txt = Input\Day_02.txt
		Input\Day_02_Test.txt = Input\Day_02_Test.txt
		Input\Day_03.txt = Input\Day_03.txt
		Input\Day_03_Test_1.txt = Input\Day_03_Test_1.txt
		Input\Day_03_Test_2.txt = Input\Day_03_Test_2.txt
		Input\Day_04.txt = Input\Day_04.txt
		Input\Day_04_Test.txt = Input\Day_04_Test.txt
		Input\Day_05.txt = Input\Day_05.txt
		Input\Day_05_Test.txt = Input\Day_05_Test.txt
		Input\Day_06.txt = Input\Day_06.txt
		Input\Day_06_Test.txt = Input\Day_06_Test.txt
		Input\Day_07.txt = Input\Day_07.txt
		Input\Day_07_Test.txt = Input\Day_07_Test.txt
		Input\Day_08.txt = Input\Day_08.txt
		Input\Day_08_Test.txt = Input\Day_08_Test.txt
		Input\Day_09.txt = Input\Day_09.txt
		Input\Day_09_Test.txt = Input\Day_09_Test.txt
		Input\Day_10.txt = Input\Day_10.txt
		Input\Day_10_Test.txt = Input\Day_10_Test.txt
		Input\Day_11.txt = Input\Day_11.txt
		Input\Day_11_Test.txt = Input\Day_11_Test.txt
		Input\Day_12.txt = Input\Day_12.txt
		Input\Day_12_Test.txt = Input\Day_12_Test.txt
		Input\Day_13.txt = Input\Day_13.txt
		Input\Day_13_Test.txt = Input\Day_13_Test.txt
		Input\Day_14.txt = Input\Day_14.txt
		Input\Day_14_Test.txt = Input\Day_14_Test.txt
		Input\Day_15.txt = Input\Day_15.txt
		Input\Day_15_Test_1.txt = Input\Day_15_Test_1.txt
		Input\Day_15_Test_2.txt = Input\Day_15_Test_2.txt
		Input\Day_15_Test_3.txt = Input\Day_15_Test_3.txt
		Input\Day_16.txt = Input\Day_16.txt
		Input\Day_16_Test_1.txt = Input\Day_16_Test_1.txt
		Input\Day_16_Test_2.txt = Input\Day_16_Test_2.txt
	EndProjectSection
EndProject
Project("{FAE04EC0-301F-11D3-BF4B-00C04F79EFBC}") = "AoC2024_02", "AoC2024_02\AoC2024_02.csproj", "{A210BD1E-B9A7-4CBD-9535-F3B704EEF54B}"
EndProject
Project("{FAE04EC0-301F-11D3-BF4B-00C04F79EFBC}") = "AoC2024_03", "AoC2024_03\AoC2024_03.csproj", "{943FEB75-8541-44F1-A2E6-3B54B4BA4591}"
EndProject
Project("{2150E333-8FDC-42A3-9474-1A3956D46DE8}") = "Puzzles", "Puzzles", "{A4063279-CE7E-4D85-8526-C2CCB8E46478}"
	ProjectSection(SolutionItems) = preProject
		Puzzles\Day_01.txt = Puzzles\Day_01.txt
		Puzzles\Day_02.txt = Puzzles\Day_02.txt
		Puzzles\Day_03.txt = Puzzles\Day_03.txt
		Puzzles\Day_04.txt = Puzzles\Day_04.txt
		Puzzles\Day_05.txt = Puzzles\Day_05.txt
		Puzzles\Day_06.txt = Puzzles\Day_06.txt
		Puzzles\Day_07.txt = Puzzles\Day_07.txt
		Puzzles\Day_08.txt = Puzzles\Day_08.txt
		Puzzles\Day_09.txt = Puzzles\Day_09.txt
		Puzzles\Day_10.txt = Puzzles\Day_10.txt
		Puzzles\Day_11.txt = Puzzles\Day_11.txt
		Puzzles\Day_12.txt = Puzzles\Day_12.txt
		Puzzles\Day_13.txt = Puzzles\Day_13.txt
		Puzzles\Day_14.txt = Puzzles\Day_14.txt
		Puzzles\Day_15.txt = Puzzles\Day_15.txt
		Puzzles\Day_16.txt = Puzzles\Day_16.txt
	EndProjectSection
EndProject
Project("{FAE04EC0-301F-11D3-BF4B-00C04F79EFBC}") = "AoC2024_04", "AoC2024_04\AoC2024_04.csproj", "{4CE9C4D5-DDAE-4043-8E2B-123D2435233F}"
EndProject
Project("{2150E333-8FDC-42A3-9474-1A3956D46DE8}") = "Solution Items", "Solution Items", "{3787876A-7D8A-47F6-AE31-190D323D3F3F}"
	ProjectSection(SolutionItems) = preProject
		Blank.txt = Blank.txt
		README.md = README.md
	EndProjectSection
EndProject
Project("{FAE04EC0-301F-11D3-BF4B-00C04F79EFBC}") = "AoC2024_05", "AoC2024_05\AoC2024_05.csproj", "{F73E5DC9-9F02-4438-8D3B-6C95810E5E8B}"
EndProject
Project("{FAE04EC0-301F-11D3-BF4B-00C04F79EFBC}") = "AoC2024_06", "AoC2024_06\AoC2024_06.csproj", "{7FD5CE36-8052-4031-B974-AA4EEA493AA6}"
EndProject
Project("{FAE04EC0-301F-11D3-BF4B-00C04F79EFBC}") = "AoC2024_07", "AoC2024_07\AoC2024_07.csproj", "{BD4F0C80-9026-4D55-AA65-F8AF015B7A81}"
EndProject
Project("{FAE04EC0-301F-11D3-BF4B-00C04F79EFBC}") = "AoC2024_08", "AoC2024_08\AoC2024_08.csproj", "{06057290-3CCF-4719-8EA5-145F481E7264}"
EndProject
Project("{FAE04EC0-301F-11D3-BF4B-00C04F79EFBC}") = "AoC2024_09", "AoC2024_09\AoC2024_09.csproj", "{3DA35A28-A21F-42E9-9700-53E7922CDFE7}"
EndProject
Project("{FAE04EC0-301F-11D3-BF4B-00C04F79EFBC}") = "AoC2024_10", "AoC2024_10\AoC2024_10.csproj", "{6B4BA73F-ACB6-4D3A-BF54-D9B6C11F24E7}"
EndProject
Project("{FAE04EC0-301F-11D3-BF4B-00C04F79EFBC}") = "AoC2024_11", "AoC2024_11\AoC2024_11.csproj", "{F89F8C86-9BA2-4DEC-BA75-3BB119F7D5E7}"
EndProject
Project("{FAE04EC0-301F-11D3-BF4B-00C04F79EFBC}") = "AoC2024_12", "AoC2024_12\AoC2024_12.csproj", "{518C9F7F-DEC3-4947-8EE4-B4CF3846380A}"
EndProject
Project("{FAE04EC0-301F-11D3-BF4B-00C04F79EFBC}") = "AoC2024_13", "AoC2024_13\AoC2024_13.csproj", "{F5AC4184-565A-4B69-856A-C4144E4E4249}"
EndProject
Project("{FAE04EC0-301F-11D3-BF4B-00C04F79EFBC}") = "AoC2024_14", "AoC2024_14\AoC2024_14.csproj", "{C996D771-85C3-4F64-9F7A-9364495CFD28}"
EndProject
Project("{FAE04EC0-301F-11D3-BF4B-00C04F79EFBC}") = "AoC2024_15", "AoC2024_15\AoC2024_15.csproj", "{7A85B223-23AB-486C-BD75-DB9C813EF68B}"
EndProject
Project("{FAE04EC0-301F-11D3-BF4B-00C04F79EFBC}") = "AoC2024_16", "AoC2024_16\AoC2024_16.csproj", "{79709599-29CC-41F6-A7F6-5598F2CD0514}"
EndProject
Global
	GlobalSection(SolutionConfigurationPlatforms) = preSolution
		Debug|Any CPU = Debug|Any CPU
		Release|Any CPU = Release|Any CPU
	EndGlobalSection
	GlobalSection(ProjectConfigurationPlatforms) = postSolution
		{C075DECB-FA60-478F-BCAD-35A980189BF6}.Debug|Any CPU.ActiveCfg = Debug|Any CPU
		{C075DECB-FA60-478F-BCAD-35A980189BF6}.Debug|Any CPU.Build.0 = Debug|Any CPU
		{C075DECB-FA60-478F-BCAD-35A980189BF6}.Release|Any CPU.ActiveCfg = Release|Any CPU
		{C075DECB-FA60-478F-BCAD-35A980189BF6}.Release|Any CPU.Build.0 = Release|Any CPU
		{A210BD1E-B9A7-4CBD-9535-F3B704EEF54B}.Debug|Any CPU.ActiveCfg = Debug|Any CPU
		{A210BD1E-B9A7-4CBD-9535-F3B704EEF54B}.Debug|Any CPU.Build.0 = Debug|Any CPU
		{A210BD1E-B9A7-4CBD-9535-F3B704EEF54B}.Release|Any CPU.ActiveCfg = Release|Any CPU
		{A210BD1E-B9A7-4CBD-9535-F3B704EEF54B}.Release|Any CPU.Build.0 = Release|Any CPU
		{943FEB75-8541-44F1-A2E6-3B54B4BA4591}.Debug|Any CPU.ActiveCfg = Debug|Any CPU
		{943FEB75-8541-44F1-A2E6-3B54B4BA4591}.Debug|Any CPU.Build.0 = Debug|Any CPU
		{943FEB75-8541-44F1-A2E6-3B54B4BA4591}.Release|Any CPU.ActiveCfg = Release|Any CPU
		{943FEB75-8541-44F1-A2E6-3B54B4BA4591}.Release|Any CPU.Build.0 = Release|Any CPU
		{4CE9C4D5-DDAE-4043-8E2B-123D2435233F}.Debug|Any CPU.ActiveCfg = Debug|Any CPU
		{4CE9C4D5-DDAE-4043-8E2B-123D2435233F}.Debug|Any CPU.Build.0 = Debug|Any CPU
		{4CE9C4D5-DDAE-4043-8E2B-123D2435233F}.Release|Any CPU.ActiveCfg = Release|Any CPU
		{4CE9C4D5-DDAE-4043-8E2B-123D2435233F}.Release|Any CPU.Build.0 = Release|Any CPU
		{F73E5DC9-9F02-4438-8D3B-6C95810E5E8B}.Debug|Any CPU.ActiveCfg = Debug|Any CPU
		{F73E5DC9-9F02-4438-8D3B-6C95810E5E8B}.Debug|Any CPU.Build.0 = Debug|Any CPU
		{F73E5DC9-9F02-4438-8D3B-6C95810E5E8B}.Release|Any CPU.ActiveCfg = Release|Any CPU
		{F73E5DC9-9F02-4438-8D3B-6C95810E5E8B}.Release|Any CPU.Build.0 = Release|Any CPU
		{7FD5CE36-8052-4031-B974-AA4EEA493AA6}.Debug|Any CPU.ActiveCfg = Debug|Any CPU
		{7FD5CE36-8052-4031-B974-AA4EEA493AA6}.Debug|Any CPU.Build.0 = Debug|Any CPU
		{7FD5CE36-8052-4031-B974-AA4EEA493AA6}.Release|Any CPU.ActiveCfg = Release|Any CPU
		{7FD5CE36-8052-4031-B974-AA4EEA493AA6}.Release|Any CPU.Build.0 = Release|Any CPU
		{BD4F0C80-9026-4D55-AA65-F8AF015B7A81}.Debug|Any CPU.ActiveCfg = Debug|Any CPU
		{BD4F0C80-9026-4D55-AA65-F8AF015B7A81}.Debug|Any CPU.Build.0 = Debug|Any CPU
		{BD4F0C80-9026-4D55-AA65-F8AF015B7A81}.Release|Any CPU.ActiveCfg = Release|Any CPU
		{BD4F0C80-9026-4D55-AA65-F8AF015B7A81}.Release|Any CPU.Build.0 = Release|Any CPU
		{06057290-3CCF-4719-8EA5-145F481E7264}.Debug|Any CPU.ActiveCfg = Debug|Any CPU
		{06057290-3CCF-4719-8EA5-145F481E7264}.Debug|Any CPU.Build.0 = Debug|Any CPU
		{06057290-3CCF-4719-8EA5-145F481E7264}.Release|Any CPU.ActiveCfg = Release|Any CPU
		{06057290-3CCF-4719-8EA5-145F481E7264}.Release|Any CPU.Build.0 = Release|Any CPU
		{3DA35A28-A21F-42E9-9700-53E7922CDFE7}.Debug|Any CPU.ActiveCfg = Debug|Any CPU
		{3DA35A28-A21F-42E9-9700-53E7922CDFE7}.Debug|Any CPU.Build.0 = Debug|Any CPU
		{3DA35A28-A21F-42E9-9700-53E7922CDFE7}.Release|Any CPU.ActiveCfg = Release|Any CPU
		{3DA35A28-A21F-42E9-9700-53E7922CDFE7}.Release|Any CPU.Build.0 = Release|Any CPU
		{6B4BA73F-ACB6-4D3A-BF54-D9B6C11F24E7}.Debug|Any CPU.ActiveCfg = Debug|Any CPU
		{6B4BA73F-ACB6-4D3A-BF54-D9B6C11F24E7}.Debug|Any CPU.Build.0 = Debug|Any CPU
		{6B4BA73F-ACB6-4D3A-BF54-D9B6C11F24E7}.Release|Any CPU.ActiveCfg = Release|Any CPU
		{6B4BA73F-ACB6-4D3A-BF54-D9B6C11F24E7}.Release|Any CPU.Build.0 = Release|Any CPU
		{F89F8C86-9BA2-4DEC-BA75-3BB119F7D5E7}.Debug|Any CPU.ActiveCfg = Debug|Any CPU
		{F89F8C86-9BA2-4DEC-BA75-3BB119F7D5E7}.Debug|Any CPU.Build.0 = Debug|Any CPU
		{F89F8C86-9BA2-4DEC-BA75-3BB119F7D5E7}.Release|Any CPU.ActiveCfg = Release|Any CPU
		{F89F8C86-9BA2-4DEC-BA75-3BB119F7D5E7}.Release|Any CPU.Build.0 = Release|Any CPU
		{518C9F7F-DEC3-4947-8EE4-B4CF3846380A}.Debug|Any CPU.ActiveCfg = Debug|Any CPU
		{518C9F7F-DEC3-4947-8EE4-B4CF3846380A}.Debug|Any CPU.Build.0 = Debug|Any CPU
		{518C9F7F-DEC3-4947-8EE4-B4CF3846380A}.Release|Any CPU.ActiveCfg = Release|Any CPU
		{518C9F7F-DEC3-4947-8EE4-B4CF3846380A}.Release|Any CPU.Build.0 = Release|Any CPU
		{F5AC4184-565A-4B69-856A-C4144E4E4249}.Debug|Any CPU.ActiveCfg = Debug|Any CPU
		{F5AC4184-565A-4B69-856A-C4144E4E4249}.Debug|Any CPU.Build.0 = Debug|Any CPU
		{F5AC4184-565A-4B69-856A-C4144E4E4249}.Release|Any CPU.ActiveCfg = Release|Any CPU
		{F5AC4184-565A-4B69-856A-C4144E4E4249}.Release|Any CPU.Build.0 = Release|Any CPU
		{C996D771-85C3-4F64-9F7A-9364495CFD28}.Debug|Any CPU.ActiveCfg = Debug|Any CPU
		{C996D771-85C3-4F64-9F7A-9364495CFD28}.Debug|Any CPU.Build.0 = Debug|Any CPU
		{C996D771-85C3-4F64-9F7A-9364495CFD28}.Release|Any CPU.ActiveCfg = Release|Any CPU
		{C996D771-85C3-4F64-9F7A-9364495CFD28}.Release|Any CPU.Build.0 = Release|Any CPU
		{7A85B223-23AB-486C-BD75-DB9C813EF68B}.Debug|Any CPU.ActiveCfg = Debug|Any CPU
		{7A85B223-23AB-486C-BD75-DB9C813EF68B}.Debug|Any CPU.Build.0 = Debug|Any CPU
		{7A85B223-23AB-486C-BD75-DB9C813EF68B}.Release|Any CPU.ActiveCfg = Release|Any CPU
		{7A85B223-23AB-486C-BD75-DB9C813EF68B}.Release|Any CPU.Build.0 = Release|Any CPU
		{79709599-29CC-41F6-A7F6-5598F2CD0514}.Debug|Any CPU.ActiveCfg = Debug|Any CPU
		{79709599-29CC-41F6-A7F6-5598F2CD0514}.Debug|Any CPU.Build.0 = Debug|Any CPU
		{79709599-29CC-41F6-A7F6-5598F2CD0514}.Release|Any CPU.ActiveCfg = Release|Any CPU
		{79709599-29CC-41F6-A7F6-5598F2CD0514}.Release|Any CPU.Build.0 = Release|Any CPU
	EndGlobalSection
	GlobalSection(SolutionProperties) = preSolution
		HideSolutionNode = FALSE
	EndGlobalSection
EndGlobal
