
Microsoft Visual Studio Solution File, Format Version 12.00
# Visual Studio Version 17
VisualStudioVersion = 17.12.35514.174
MinimumVisualStudioVersion = 10.0.40219.1
Project("{FAE04EC0-301F-11D3-BF4B-00C04F79EFBC}") = "AoC2024_01", "AoC2024_01\AoC2024_01.csproj", "{C075DECB-FA60-478F-BCAD-35A980189BF6}"
EndProject
Project("{2150E333-8FDC-42A3-9474-1A3956D46DE8}") = "Input", "Input", "{BE4F4C69-5A31-47F8-9F7C-63DE0E99DCD2}"
	ProjectSection(SolutionItems) = preProject
		Input\Day_01.txt = Input\Day_01.txt
		Input\Day_01_Test.txt = Input\Day_01_Test.txt
		Input\Day_02.txt = Input\Day_02.txt
		Input\Day_02_Test.txt = Input\Day_02_Test.txt
		Input\Day_03.txt = Input\Day_03.txt
		Input\Day_03_Test_1.txt = Input\Day_03_Test_1.txt
		Input\Day_03_Test_2.txt = Input\Day_03_Test_2.txt
	EndProjectSection
EndProject
Project("{FAE04EC0-301F-11D3-BF4B-00C04F79EFBC}") = "AoC2024_02", "AoC2024_02\AoC2024_02.csproj", "{A210BD1E-B9A7-4CBD-9535-F3B704EEF54B}"
EndProject
Project("{FAE04EC0-301F-11D3-BF4B-00C04F79EFBC}") = "AoC2024_03", "AoC2024_03\AoC2024_03.csproj", "{943FEB75-8541-44F1-A2E6-3B54B4BA4591}"
EndProject
Project("{2150E333-8FDC-42A3-9474-1A3956D46DE8}") = "Puzzles", "Puzzles", "{A4063279-CE7E-4D85-8526-C2CCB8E46478}"
	ProjectSection(SolutionItems) = preProject
		Puzzles\Day_01.txt = Puzzles\Day_01.txt
		Puzzles\Day_02.txt = Puzzles\Day_02.txt
		Puzzles\Day_03.txt = Puzzles\Day_03.txt
	EndProjectSection
EndProject
Global
	GlobalSection(SolutionConfigurationPlatforms) = preSolution
		Debug|Any CPU = Debug|Any CPU
		Release|Any CPU = Release|Any CPU
	EndGlobalSection
	GlobalSection(ProjectConfigurationPlatforms) = postSolution
		{C075DECB-FA60-478F-BCAD-35A980189BF6}.Debug|Any CPU.ActiveCfg = Debug|Any CPU
		{C075DECB-FA60-478F-BCAD-35A980189BF6}.Debug|Any CPU.Build.0 = Debug|Any CPU
		{C075DECB-FA60-478F-BCAD-35A980189BF6}.Release|Any CPU.ActiveCfg = Release|Any CPU
		{C075DECB-FA60-478F-BCAD-35A980189BF6}.Release|Any CPU.Build.0 = Release|Any CPU
		{A210BD1E-B9A7-4CBD-9535-F3B704EEF54B}.Debug|Any CPU.ActiveCfg = Debug|Any CPU
		{A210BD1E-B9A7-4CBD-9535-F3B704EEF54B}.Debug|Any CPU.Build.0 = Debug|Any CPU
		{A210BD1E-B9A7-4CBD-9535-F3B704EEF54B}.Release|Any CPU.ActiveCfg = Release|Any CPU
		{A210BD1E-B9A7-4CBD-9535-F3B704EEF54B}.Release|Any CPU.Build.0 = Release|Any CPU
		{943FEB75-8541-44F1-A2E6-3B54B4BA4591}.Debug|Any CPU.ActiveCfg = Debug|Any CPU
		{943FEB75-8541-44F1-A2E6-3B54B4BA4591}.Debug|Any CPU.Build.0 = Debug|Any CPU
		{943FEB75-8541-44F1-A2E6-3B54B4BA4591}.Release|Any CPU.ActiveCfg = Release|Any CPU
		{943FEB75-8541-44F1-A2E6-3B54B4BA4591}.Release|Any CPU.Build.0 = Release|Any CPU
	EndGlobalSection
	GlobalSection(SolutionProperties) = preSolution
		HideSolutionNode = FALSE
	EndGlobalSection
EndGlobal
